
Microsoft Visual Studio Solution File, Format Version 12.00
Project("{FAE04EC0-301F-11D3-BF4B-00C04F79EFBC}") = "01Tsymbal", "01Tsymbal\01Tsymbal.csproj", "{05178F83-5899-4EBA-952C-B65F1F4DF747}"
EndProject
Global
	GlobalSection(SolutionConfigurationPlatforms) = preSolution
		Debug|Any CPU = Debug|Any CPU
		Release|Any CPU = Release|Any CPU
	EndGlobalSection
	GlobalSection(ProjectConfigurationPlatforms) = postSolution
		{05178F83-5899-4EBA-952C-B65F1F4DF747}.Debug|Any CPU.ActiveCfg = Debug|Any CPU
		{05178F83-5899-4EBA-952C-B65F1F4DF747}.Debug|Any CPU.Build.0 = Debug|Any CPU
		{05178F83-5899-4EBA-952C-B65F1F4DF747}.Release|Any CPU.ActiveCfg = Release|Any CPU
		{05178F83-5899-4EBA-952C-B65F1F4DF747}.Release|Any CPU.Build.0 = Release|Any CPU
	EndGlobalSection
EndGlobal
